// !$*UTF8*$!
{
	archiveVersion = 1;
	classes = {
	};
	objectVersion = 50;
	objects = {

/* Begin PBXBuildFile section */
		47E3036EAC10DF01FAF7B5BB /* Pods_SourcerySampleUITests.framework in Frameworks */ = {isa = PBXBuildFile; fileRef = 8FD679EE819F75BE647DFC43 /* Pods_SourcerySampleUITests.framework */; };
		64C5139F210C2D223BA19F61 /* Pods_SourcerySample.framework in Frameworks */ = {isa = PBXBuildFile; fileRef = D671F4A488641C580E487DD3 /* Pods_SourcerySample.framework */; };
		6A590CD22250967800971A00 /* AppDelegate.swift in Sources */ = {isa = PBXBuildFile; fileRef = 6A590CD12250967800971A00 /* AppDelegate.swift */; };
		6A590CD42250967800971A00 /* LoginViewController.swift in Sources */ = {isa = PBXBuildFile; fileRef = 6A590CD32250967800971A00 /* LoginViewController.swift */; };
		6A590CD72250967800971A00 /* Main.storyboard in Resources */ = {isa = PBXBuildFile; fileRef = 6A590CD52250967800971A00 /* Main.storyboard */; };
		6A590CD92250967A00971A00 /* Assets.xcassets in Resources */ = {isa = PBXBuildFile; fileRef = 6A590CD82250967A00971A00 /* Assets.xcassets */; };
		6A590CDC2250967A00971A00 /* LaunchScreen.storyboard in Resources */ = {isa = PBXBuildFile; fileRef = 6A590CDA2250967A00971A00 /* LaunchScreen.storyboard */; };
		6A590CE72250967A00971A00 /* SourcerySampleUITests.swift in Sources */ = {isa = PBXBuildFile; fileRef = 6A590CE62250967A00971A00 /* SourcerySampleUITests.swift */; };
		6A590CF2225098E300971A00 /* ListViewController.swift in Sources */ = {isa = PBXBuildFile; fileRef = 6A590CF1225098E300971A00 /* ListViewController.swift */; };
		6A590CF4225098F600971A00 /* DetailViewController.swift in Sources */ = {isa = PBXBuildFile; fileRef = 6A590CF3225098F600971A00 /* DetailViewController.swift */; };
		6A7271802250F2C000B5CADD /* BasePage.generated.swift in Sources */ = {isa = PBXBuildFile; fileRef = 6A72717E2250F2C000B5CADD /* BasePage.generated.swift */; };
		6A7271812250F2C000B5CADD /* Page.generated.swift in Sources */ = {isa = PBXBuildFile; fileRef = 6A72717F2250F2C000B5CADD /* Page.generated.swift */; };
/* End PBXBuildFile section */

/* Begin PBXContainerItemProxy section */
		6A590CE32250967A00971A00 /* PBXContainerItemProxy */ = {
			isa = PBXContainerItemProxy;
			containerPortal = 6A590CC62250967700971A00 /* Project object */;
			proxyType = 1;
			remoteGlobalIDString = 6A590CCD2250967700971A00;
			remoteInfo = SourcerySample;
		};
/* End PBXContainerItemProxy section */

/* Begin PBXFileReference section */
		3803F5C39CECC4C5EF7B88FE /* Pods-SourcerySampleUITests.release.xcconfig */ = {isa = PBXFileReference; includeInIndex = 1; lastKnownFileType = text.xcconfig; name = "Pods-SourcerySampleUITests.release.xcconfig"; path = "Pods/Target Support Files/Pods-SourcerySampleUITests/Pods-SourcerySampleUITests.release.xcconfig"; sourceTree = "<group>"; };
		6A590CCE2250967800971A00 /* SourcerySample.app */ = {isa = PBXFileReference; explicitFileType = wrapper.application; includeInIndex = 0; path = SourcerySample.app; sourceTree = BUILT_PRODUCTS_DIR; };
		6A590CD12250967800971A00 /* AppDelegate.swift */ = {isa = PBXFileReference; lastKnownFileType = sourcecode.swift; path = AppDelegate.swift; sourceTree = "<group>"; };
		6A590CD32250967800971A00 /* LoginViewController.swift */ = {isa = PBXFileReference; lastKnownFileType = sourcecode.swift; path = LoginViewController.swift; sourceTree = "<group>"; };
		6A590CD62250967800971A00 /* Base */ = {isa = PBXFileReference; lastKnownFileType = file.storyboard; name = Base; path = Base.lproj/Main.storyboard; sourceTree = "<group>"; };
		6A590CD82250967A00971A00 /* Assets.xcassets */ = {isa = PBXFileReference; lastKnownFileType = folder.assetcatalog; path = Assets.xcassets; sourceTree = "<group>"; };
		6A590CDB2250967A00971A00 /* Base */ = {isa = PBXFileReference; lastKnownFileType = file.storyboard; name = Base; path = Base.lproj/LaunchScreen.storyboard; sourceTree = "<group>"; };
		6A590CDD2250967A00971A00 /* Info.plist */ = {isa = PBXFileReference; lastKnownFileType = text.plist.xml; path = Info.plist; sourceTree = "<group>"; };
		6A590CE22250967A00971A00 /* SourcerySampleUITests.xctest */ = {isa = PBXFileReference; explicitFileType = wrapper.cfbundle; includeInIndex = 0; path = SourcerySampleUITests.xctest; sourceTree = BUILT_PRODUCTS_DIR; };
		6A590CE62250967A00971A00 /* SourcerySampleUITests.swift */ = {isa = PBXFileReference; lastKnownFileType = sourcecode.swift; path = SourcerySampleUITests.swift; sourceTree = "<group>"; };
		6A590CE82250967A00971A00 /* Info.plist */ = {isa = PBXFileReference; lastKnownFileType = text.plist.xml; path = Info.plist; sourceTree = "<group>"; };
		6A590CF1225098E300971A00 /* ListViewController.swift */ = {isa = PBXFileReference; lastKnownFileType = sourcecode.swift; path = ListViewController.swift; sourceTree = "<group>"; };
		6A590CF3225098F600971A00 /* DetailViewController.swift */ = {isa = PBXFileReference; lastKnownFileType = sourcecode.swift; path = DetailViewController.swift; sourceTree = "<group>"; };
		6A72717E2250F2C000B5CADD /* BasePage.generated.swift */ = {isa = PBXFileReference; fileEncoding = 4; lastKnownFileType = sourcecode.swift; path = BasePage.generated.swift; sourceTree = "<group>"; };
		6A72717F2250F2C000B5CADD /* Page.generated.swift */ = {isa = PBXFileReference; fileEncoding = 4; lastKnownFileType = sourcecode.swift; path = Page.generated.swift; sourceTree = "<group>"; };
		8EC5EC26E920BDE2649036CA /* Pods-SourcerySample.debug.xcconfig */ = {isa = PBXFileReference; includeInIndex = 1; lastKnownFileType = text.xcconfig; name = "Pods-SourcerySample.debug.xcconfig"; path = "Pods/Target Support Files/Pods-SourcerySample/Pods-SourcerySample.debug.xcconfig"; sourceTree = "<group>"; };
		8FD679EE819F75BE647DFC43 /* Pods_SourcerySampleUITests.framework */ = {isa = PBXFileReference; explicitFileType = wrapper.framework; includeInIndex = 0; path = Pods_SourcerySampleUITests.framework; sourceTree = BUILT_PRODUCTS_DIR; };
		D671F4A488641C580E487DD3 /* Pods_SourcerySample.framework */ = {isa = PBXFileReference; explicitFileType = wrapper.framework; includeInIndex = 0; path = Pods_SourcerySample.framework; sourceTree = BUILT_PRODUCTS_DIR; };
		DD09D9CEEDE222ACB81CDA13 /* Pods-SourcerySample.release.xcconfig */ = {isa = PBXFileReference; includeInIndex = 1; lastKnownFileType = text.xcconfig; name = "Pods-SourcerySample.release.xcconfig"; path = "Pods/Target Support Files/Pods-SourcerySample/Pods-SourcerySample.release.xcconfig"; sourceTree = "<group>"; };
		DD633132CF73C027604B25E8 /* Pods-SourcerySampleUITests.debug.xcconfig */ = {isa = PBXFileReference; includeInIndex = 1; lastKnownFileType = text.xcconfig; name = "Pods-SourcerySampleUITests.debug.xcconfig"; path = "Pods/Target Support Files/Pods-SourcerySampleUITests/Pods-SourcerySampleUITests.debug.xcconfig"; sourceTree = "<group>"; };
/* End PBXFileReference section */

/* Begin PBXFrameworksBuildPhase section */
		6A590CCB2250967700971A00 /* Frameworks */ = {
			isa = PBXFrameworksBuildPhase;
			buildActionMask = 2147483647;
			files = (
				64C5139F210C2D223BA19F61 /* Pods_SourcerySample.framework in Frameworks */,
			);
			runOnlyForDeploymentPostprocessing = 0;
		};
		6A590CDF2250967A00971A00 /* Frameworks */ = {
			isa = PBXFrameworksBuildPhase;
			buildActionMask = 2147483647;
			files = (
				47E3036EAC10DF01FAF7B5BB /* Pods_SourcerySampleUITests.framework in Frameworks */,
			);
			runOnlyForDeploymentPostprocessing = 0;
		};
/* End PBXFrameworksBuildPhase section */

/* Begin PBXGroup section */
		6A590CC52250967700971A00 = {
			isa = PBXGroup;
			children = (
				6A590CD02250967800971A00 /* SourcerySample */,
				6A590CE52250967A00971A00 /* SourcerySampleUITests */,
				6A590CCF2250967800971A00 /* Products */,
				C89BE0C028CC30BCD38D614B /* Pods */,
				C83087E375F56FD6F1CB4493 /* Frameworks */,
			);
			sourceTree = "<group>";
		};
		6A590CCF2250967800971A00 /* Products */ = {
			isa = PBXGroup;
			children = (
				6A590CCE2250967800971A00 /* SourcerySample.app */,
				6A590CE22250967A00971A00 /* SourcerySampleUITests.xctest */,
			);
			name = Products;
			sourceTree = "<group>";
		};
		6A590CD02250967800971A00 /* SourcerySample */ = {
			isa = PBXGroup;
			children = (
				6A590CD12250967800971A00 /* AppDelegate.swift */,
				6A590CD32250967800971A00 /* LoginViewController.swift */,
				6A590CF1225098E300971A00 /* ListViewController.swift */,
				6A590CF3225098F600971A00 /* DetailViewController.swift */,
				6A590CD52250967800971A00 /* Main.storyboard */,
				6A590CD82250967A00971A00 /* Assets.xcassets */,
				6A590CDA2250967A00971A00 /* LaunchScreen.storyboard */,
				6A590CDD2250967A00971A00 /* Info.plist */,
			);
			path = SourcerySample;
			sourceTree = "<group>";
		};
		6A590CE52250967A00971A00 /* SourcerySampleUITests */ = {
			isa = PBXGroup;
			children = (
				6A72717B2250A75B00B5CADD /* Page */,
				6A590CE62250967A00971A00 /* SourcerySampleUITests.swift */,
				6A590CE82250967A00971A00 /* Info.plist */,
			);
			path = SourcerySampleUITests;
			sourceTree = "<group>";
		};
		6A72717B2250A75B00B5CADD /* Page */ = {
			isa = PBXGroup;
			children = (
				6A72717E2250F2C000B5CADD /* BasePage.generated.swift */,
				6A72717F2250F2C000B5CADD /* Page.generated.swift */,
			);
			path = Page;
			sourceTree = "<group>";
		};
		C83087E375F56FD6F1CB4493 /* Frameworks */ = {
			isa = PBXGroup;
			children = (
				D671F4A488641C580E487DD3 /* Pods_SourcerySample.framework */,
				8FD679EE819F75BE647DFC43 /* Pods_SourcerySampleUITests.framework */,
			);
			name = Frameworks;
			sourceTree = "<group>";
		};
		C89BE0C028CC30BCD38D614B /* Pods */ = {
			isa = PBXGroup;
			children = (
				8EC5EC26E920BDE2649036CA /* Pods-SourcerySample.debug.xcconfig */,
				DD09D9CEEDE222ACB81CDA13 /* Pods-SourcerySample.release.xcconfig */,
				DD633132CF73C027604B25E8 /* Pods-SourcerySampleUITests.debug.xcconfig */,
				3803F5C39CECC4C5EF7B88FE /* Pods-SourcerySampleUITests.release.xcconfig */,
			);
			name = Pods;
			sourceTree = "<group>";
		};
/* End PBXGroup section */

/* Begin PBXNativeTarget section */
		6A590CCD2250967700971A00 /* SourcerySample */ = {
			isa = PBXNativeTarget;
			buildConfigurationList = 6A590CEB2250967A00971A00 /* Build configuration list for PBXNativeTarget "SourcerySample" */;
			buildPhases = (
				3CCCB27BD941B76A0F472003 /* [CP] Check Pods Manifest.lock */,
				6A590CCA2250967700971A00 /* Sources */,
				6A590CCB2250967700971A00 /* Frameworks */,
				6A590CCC2250967700971A00 /* Resources */,
			);
			buildRules = (
			);
			dependencies = (
			);
			name = SourcerySample;
			productName = SourcerySample;
			productReference = 6A590CCE2250967800971A00 /* SourcerySample.app */;
			productType = "com.apple.product-type.application";
		};
		6A590CE12250967A00971A00 /* SourcerySampleUITests */ = {
			isa = PBXNativeTarget;
			buildConfigurationList = 6A590CEE2250967A00971A00 /* Build configuration list for PBXNativeTarget "SourcerySampleUITests" */;
			buildPhases = (
				9895EA26E0D53965CCC59270 /* [CP] Check Pods Manifest.lock */,
				6A590CDE2250967A00971A00 /* Sources */,
				6A590CDF2250967A00971A00 /* Frameworks */,
				6A590CE02250967A00971A00 /* Resources */,
			);
			buildRules = (
			);
			dependencies = (
				6A590CE42250967A00971A00 /* PBXTargetDependency */,
			);
			name = SourcerySampleUITests;
			productName = SourcerySampleUITests;
			productReference = 6A590CE22250967A00971A00 /* SourcerySampleUITests.xctest */;
			productType = "com.apple.product-type.bundle.ui-testing";
		};
/* End PBXNativeTarget section */

/* Begin PBXProject section */
		6A590CC62250967700971A00 /* Project object */ = {
			isa = PBXProject;
			attributes = {
				LastSwiftUpdateCheck = 1010;
				LastUpgradeCheck = 1010;
				ORGANIZATIONNAME = ShinUnuma;
				TargetAttributes = {
					6A590CCD2250967700971A00 = {
						CreatedOnToolsVersion = 10.1;
					};
					6A590CE12250967A00971A00 = {
						CreatedOnToolsVersion = 10.1;
						TestTargetID = 6A590CCD2250967700971A00;
					};
				};
			};
			buildConfigurationList = 6A590CC92250967700971A00 /* Build configuration list for PBXProject "SourcerySample" */;
			compatibilityVersion = "Xcode 9.3";
			developmentRegion = en;
			hasScannedForEncodings = 0;
			knownRegions = (
				en,
				Base,
			);
			mainGroup = 6A590CC52250967700971A00;
			productRefGroup = 6A590CCF2250967800971A00 /* Products */;
			projectDirPath = "";
			projectRoot = "";
			targets = (
				6A590CCD2250967700971A00 /* SourcerySample */,
				6A590CE12250967A00971A00 /* SourcerySampleUITests */,
			);
		};
/* End PBXProject section */

/* Begin PBXResourcesBuildPhase section */
		6A590CCC2250967700971A00 /* Resources */ = {
			isa = PBXResourcesBuildPhase;
			buildActionMask = 2147483647;
			files = (
				6A590CDC2250967A00971A00 /* LaunchScreen.storyboard in Resources */,
				6A590CD92250967A00971A00 /* Assets.xcassets in Resources */,
				6A590CD72250967800971A00 /* Main.storyboard in Resources */,
			);
			runOnlyForDeploymentPostprocessing = 0;
		};
		6A590CE02250967A00971A00 /* Resources */ = {
			isa = PBXResourcesBuildPhase;
			buildActionMask = 2147483647;
			files = (
			);
			runOnlyForDeploymentPostprocessing = 0;
		};
/* End PBXResourcesBuildPhase section */

/* Begin PBXShellScriptBuildPhase section */
		3CCCB27BD941B76A0F472003 /* [CP] Check Pods Manifest.lock */ = {
			isa = PBXShellScriptBuildPhase;
			buildActionMask = 2147483647;
			files = (
			);
			inputPaths = (
				"${PODS_PODFILE_DIR_PATH}/Podfile.lock",
				"${PODS_ROOT}/Manifest.lock",
			);
			name = "[CP] Check Pods Manifest.lock";
			outputPaths = (
				"$(DERIVED_FILE_DIR)/Pods-SourcerySample-checkManifestLockResult.txt",
			);
			runOnlyForDeploymentPostprocessing = 0;
			shellPath = /bin/sh;
			shellScript = "diff \"${PODS_PODFILE_DIR_PATH}/Podfile.lock\" \"${PODS_ROOT}/Manifest.lock\" > /dev/null\nif [ $? != 0 ] ; then\n    # print error to STDERR\n    echo \"error: The sandbox is not in sync with the Podfile.lock. Run 'pod install' or update your CocoaPods installation.\" >&2\n    exit 1\nfi\n# This output is used by Xcode 'outputs' to avoid re-running this script phase.\necho \"SUCCESS\" > \"${SCRIPT_OUTPUT_FILE_0}\"\n";
			showEnvVarsInLog = 0;
		};
		9895EA26E0D53965CCC59270 /* [CP] Check Pods Manifest.lock */ = {
			isa = PBXShellScriptBuildPhase;
			buildActionMask = 2147483647;
			files = (
			);
			inputPaths = (
				"${PODS_PODFILE_DIR_PATH}/Podfile.lock",
				"${PODS_ROOT}/Manifest.lock",
			);
			name = "[CP] Check Pods Manifest.lock";
			outputPaths = (
				"$(DERIVED_FILE_DIR)/Pods-SourcerySampleUITests-checkManifestLockResult.txt",
			);
			runOnlyForDeploymentPostprocessing = 0;
			shellPath = /bin/sh;
			shellScript = "diff \"${PODS_PODFILE_DIR_PATH}/Podfile.lock\" \"${PODS_ROOT}/Manifest.lock\" > /dev/null\nif [ $? != 0 ] ; then\n    # print error to STDERR\n    echo \"error: The sandbox is not in sync with the Podfile.lock. Run 'pod install' or update your CocoaPods installation.\" >&2\n    exit 1\nfi\n# This output is used by Xcode 'outputs' to avoid re-running this script phase.\necho \"SUCCESS\" > \"${SCRIPT_OUTPUT_FILE_0}\"\n";
			showEnvVarsInLog = 0;
		};
/* End PBXShellScriptBuildPhase section */

/* Begin PBXSourcesBuildPhase section */
		6A590CCA2250967700971A00 /* Sources */ = {
			isa = PBXSourcesBuildPhase;
			buildActionMask = 2147483647;
			files = (
				6A590CD42250967800971A00 /* LoginViewController.swift in Sources */,
				6A590CD22250967800971A00 /* AppDelegate.swift in Sources */,
				6A590CF2225098E300971A00 /* ListViewController.swift in Sources */,
				6A590CF4225098F600971A00 /* DetailViewController.swift in Sources */,
			);
			runOnlyForDeploymentPostprocessing = 0;
		};
		6A590CDE2250967A00971A00 /* Sources */ = {
			isa = PBXSourcesBuildPhase;
			buildActionMask = 2147483647;
			files = (
				6A7271812250F2C000B5CADD /* Page.generated.swift in Sources */,
				6A7271802250F2C000B5CADD /* BasePage.generated.swift in Sources */,
				6A590CE72250967A00971A00 /* SourcerySampleUITests.swift in Sources */,
			);
			runOnlyForDeploymentPostprocessing = 0;
		};
/* End PBXSourcesBuildPhase section */

/* Begin PBXTargetDependency section */
		6A590CE42250967A00971A00 /* PBXTargetDependency */ = {
			isa = PBXTargetDependency;
			target = 6A590CCD2250967700971A00 /* SourcerySample */;
			targetProxy = 6A590CE32250967A00971A00 /* PBXContainerItemProxy */;
		};
/* End PBXTargetDependency section */

/* Begin PBXVariantGroup section */
		6A590CD52250967800971A00 /* Main.storyboard */ = {
			isa = PBXVariantGroup;
			children = (
				6A590CD62250967800971A00 /* Base */,
			);
			name = Main.storyboard;
			sourceTree = "<group>";
		};
		6A590CDA2250967A00971A00 /* LaunchScreen.storyboard */ = {
			isa = PBXVariantGroup;
			children = (
				6A590CDB2250967A00971A00 /* Base */,
			);
			name = LaunchScreen.storyboard;
			sourceTree = "<group>";
		};
/* End PBXVariantGroup section */

/* Begin XCBuildConfiguration section */
		6A590CE92250967A00971A00 /* Debug */ = {
			isa = XCBuildConfiguration;
			buildSettings = {
				ALWAYS_SEARCH_USER_PATHS = NO;
				CLANG_ANALYZER_NONNULL = YES;
				CLANG_ANALYZER_NUMBER_OBJECT_CONVERSION = YES_AGGRESSIVE;
				CLANG_CXX_LANGUAGE_STANDARD = "gnu++14";
				CLANG_CXX_LIBRARY = "libc++";
				CLANG_ENABLE_MODULES = YES;
				CLANG_ENABLE_OBJC_ARC = YES;
				CLANG_ENABLE_OBJC_WEAK = YES;
				CLANG_WARN_BLOCK_CAPTURE_AUTORELEASING = YES;
				CLANG_WARN_BOOL_CONVERSION = YES;
				CLANG_WARN_COMMA = YES;
				CLANG_WARN_CONSTANT_CONVERSION = YES;
				CLANG_WARN_DEPRECATED_OBJC_IMPLEMENTATIONS = YES;
				CLANG_WARN_DIRECT_OBJC_ISA_USAGE = YES_ERROR;
				CLANG_WARN_DOCUMENTATION_COMMENTS = YES;
				CLANG_WARN_EMPTY_BODY = YES;
				CLANG_WARN_ENUM_CONVERSION = YES;
				CLANG_WARN_INFINITE_RECURSION = YES;
				CLANG_WARN_INT_CONVERSION = YES;
				CLANG_WARN_NON_LITERAL_NULL_CONVERSION = YES;
				CLANG_WARN_OBJC_IMPLICIT_RETAIN_SELF = YES;
				CLANG_WARN_OBJC_LITERAL_CONVERSION = YES;
				CLANG_WARN_OBJC_ROOT_CLASS = YES_ERROR;
				CLANG_WARN_RANGE_LOOP_ANALYSIS = YES;
				CLANG_WARN_STRICT_PROTOTYPES = YES;
				CLANG_WARN_SUSPICIOUS_MOVE = YES;
				CLANG_WARN_UNGUARDED_AVAILABILITY = YES_AGGRESSIVE;
				CLANG_WARN_UNREACHABLE_CODE = YES;
				CLANG_WARN__DUPLICATE_METHOD_MATCH = YES;
				CODE_SIGN_IDENTITY = "iPhone Developer";
				COPY_PHASE_STRIP = NO;
				DEBUG_INFORMATION_FORMAT = dwarf;
				ENABLE_STRICT_OBJC_MSGSEND = YES;
				ENABLE_TESTABILITY = YES;
				GCC_C_LANGUAGE_STANDARD = gnu11;
				GCC_DYNAMIC_NO_PIC = NO;
				GCC_NO_COMMON_BLOCKS = YES;
				GCC_OPTIMIZATION_LEVEL = 0;
				GCC_PREPROCESSOR_DEFINITIONS = (
					"DEBUG=1",
					"$(inherited)",
				);
				GCC_WARN_64_TO_32_BIT_CONVERSION = YES;
				GCC_WARN_ABOUT_RETURN_TYPE = YES_ERROR;
				GCC_WARN_UNDECLARED_SELECTOR = YES;
				GCC_WARN_UNINITIALIZED_AUTOS = YES_AGGRESSIVE;
				GCC_WARN_UNUSED_FUNCTION = YES;
				GCC_WARN_UNUSED_VARIABLE = YES;
				IPHONEOS_DEPLOYMENT_TARGET = 12.1;
				MTL_ENABLE_DEBUG_INFO = INCLUDE_SOURCE;
				MTL_FAST_MATH = YES;
				ONLY_ACTIVE_ARCH = YES;
				SDKROOT = iphoneos;
				SWIFT_ACTIVE_COMPILATION_CONDITIONS = DEBUG;
				SWIFT_OPTIMIZATION_LEVEL = "-Onone";
			};
			name = Debug;
		};
		6A590CEA2250967A00971A00 /* Release */ = {
			isa = XCBuildConfiguration;
			buildSettings = {
				ALWAYS_SEARCH_USER_PATHS = NO;
				CLANG_ANALYZER_NONNULL = YES;
				CLANG_ANALYZER_NUMBER_OBJECT_CONVERSION = YES_AGGRESSIVE;
				CLANG_CXX_LANGUAGE_STANDARD = "gnu++14";
				CLANG_CXX_LIBRARY = "libc++";
				CLANG_ENABLE_MODULES = YES;
				CLANG_ENABLE_OBJC_ARC = YES;
				CLANG_ENABLE_OBJC_WEAK = YES;
				CLANG_WARN_BLOCK_CAPTURE_AUTORELEASING = YES;
				CLANG_WARN_BOOL_CONVERSION = YES;
				CLANG_WARN_COMMA = YES;
				CLANG_WARN_CONSTANT_CONVERSION = YES;
				CLANG_WARN_DEPRECATED_OBJC_IMPLEMENTATIONS = YES;
				CLANG_WARN_DIRECT_OBJC_ISA_USAGE = YES_ERROR;
				CLANG_WARN_DOCUMENTATION_COMMENTS = YES;
				CLANG_WARN_EMPTY_BODY = YES;
				CLANG_WARN_ENUM_CONVERSION = YES;
				CLANG_WARN_INFINITE_RECURSION = YES;
				CLANG_WARN_INT_CONVERSION = YES;
				CLANG_WARN_NON_LITERAL_NULL_CONVERSION = YES;
				CLANG_WARN_OBJC_IMPLICIT_RETAIN_SELF = YES;
				CLANG_WARN_OBJC_LITERAL_CONVERSION = YES;
				CLANG_WARN_OBJC_ROOT_CLASS = YES_ERROR;
				CLANG_WARN_RANGE_LOOP_ANALYSIS = YES;
				CLANG_WARN_STRICT_PROTOTYPES = YES;
				CLANG_WARN_SUSPICIOUS_MOVE = YES;
				CLANG_WARN_UNGUARDED_AVAILABILITY = YES_AGGRESSIVE;
				CLANG_WARN_UNREACHABLE_CODE = YES;
				CLANG_WARN__DUPLICATE_METHOD_MATCH = YES;
				CODE_SIGN_IDENTITY = "iPhone Developer";
				COPY_PHASE_STRIP = NO;
				DEBUG_INFORMATION_FORMAT = "dwarf-with-dsym";
				ENABLE_NS_ASSERTIONS = NO;
				ENABLE_STRICT_OBJC_MSGSEND = YES;
				GCC_C_LANGUAGE_STANDARD = gnu11;
				GCC_NO_COMMON_BLOCKS = YES;
				GCC_WARN_64_TO_32_BIT_CONVERSION = YES;
				GCC_WARN_ABOUT_RETURN_TYPE = YES_ERROR;
				GCC_WARN_UNDECLARED_SELECTOR = YES;
				GCC_WARN_UNINITIALIZED_AUTOS = YES_AGGRESSIVE;
				GCC_WARN_UNUSED_FUNCTION = YES;
				GCC_WARN_UNUSED_VARIABLE = YES;
				IPHONEOS_DEPLOYMENT_TARGET = 12.1;
				MTL_ENABLE_DEBUG_INFO = NO;
				MTL_FAST_MATH = YES;
				SDKROOT = iphoneos;
				SWIFT_COMPILATION_MODE = wholemodule;
				SWIFT_OPTIMIZATION_LEVEL = "-O";
				VALIDATE_PRODUCT = YES;
			};
			name = Release;
		};
		6A590CEC2250967A00971A00 /* Debug */ = {
			isa = XCBuildConfiguration;
			baseConfigurationReference = 8EC5EC26E920BDE2649036CA /* Pods-SourcerySample.debug.xcconfig */;
			buildSettings = {
				ASSETCATALOG_COMPILER_APPICON_NAME = AppIcon;
				CODE_SIGN_STYLE = Automatic;
				DEVELOPMENT_TEAM = E3RH48CSLN;
				INFOPLIST_FILE = SourcerySample/Info.plist;
				LD_RUNPATH_SEARCH_PATHS = (
					"$(inherited)",
					"@executable_path/Frameworks",
				);
				PRODUCT_BUNDLE_IDENTIFIER = com.use.shinproduct.SourcerySample;
				PRODUCT_NAME = "$(TARGET_NAME)";
				SWIFT_VERSION = 4.2;
				TARGETED_DEVICE_FAMILY = "1,2";
			};
			name = Debug;
		};
		6A590CED2250967A00971A00 /* Release */ = {
			isa = XCBuildConfiguration;
			baseConfigurationReference = DD09D9CEEDE222ACB81CDA13 /* Pods-SourcerySample.release.xcconfig */;
			buildSettings = {
				ASSETCATALOG_COMPILER_APPICON_NAME = AppIcon;
				CODE_SIGN_STYLE = Automatic;
				DEVELOPMENT_TEAM = E3RH48CSLN;
				INFOPLIST_FILE = SourcerySample/Info.plist;
				LD_RUNPATH_SEARCH_PATHS = (
					"$(inherited)",
					"@executable_path/Frameworks",
				);
				PRODUCT_BUNDLE_IDENTIFIER = com.use.shinproduct.SourcerySample;
				PRODUCT_NAME = "$(TARGET_NAME)";
				SWIFT_VERSION = 4.2;
				TARGETED_DEVICE_FAMILY = "1,2";
			};
			name = Release;
		};
		6A590CEF2250967A00971A00 /* Debug */ = {
			isa = XCBuildConfiguration;
			baseConfigurationReference = DD633132CF73C027604B25E8 /* Pods-SourcerySampleUITests.debug.xcconfig */;
			buildSettings = {
				ALWAYS_EMBED_SWIFT_STANDARD_LIBRARIES = YES;
				CODE_SIGN_STYLE = Automatic;
				DEVELOPMENT_TEAM = E3RH48CSLN;
				INFOPLIST_FILE = SourcerySampleUITests/Info.plist;
				LD_RUNPATH_SEARCH_PATHS = (
					"$(inherited)",
					"@executable_path/Frameworks",
					"@loader_path/Frameworks",
				);
				PRODUCT_BUNDLE_IDENTIFIER = com.use.shinproduct.SourcerySampleUITests;
				PRODUCT_NAME = "$(TARGET_NAME)";
				SWIFT_VERSION = 4.2;
				TARGETED_DEVICE_FAMILY = "1,2";
				TEST_TARGET_NAME = SourcerySample;
			};
			name = Debug;
		};
		6A590CF02250967A00971A00 /* Release */ = {
			isa = XCBuildConfiguration;
			baseConfigurationReference = 3803F5C39CECC4C5EF7B88FE /* Pods-SourcerySampleUITests.release.xcconfig */;
			buildSettings = {
				ALWAYS_EMBED_SWIFT_STANDARD_LIBRARIES = YES;
				CODE_SIGN_STYLE = Automatic;
				DEVELOPMENT_TEAM = E3RH48CSLN;
				INFOPLIST_FILE = SourcerySampleUITests/Info.plist;
				LD_RUNPATH_SEARCH_PATHS = (
					"$(inherited)",
					"@executable_path/Frameworks",
					"@loader_path/Frameworks",
				);
				PRODUCT_BUNDLE_IDENTIFIER = com.use.shinproduct.SourcerySampleUITests;
				PRODUCT_NAME = "$(TARGET_NAME)";
				SWIFT_VERSION = 4.2;
				TARGETED_DEVICE_FAMILY = "1,2";
				TEST_TARGET_NAME = SourcerySample;
			};
			name = Release;
		};
/* End XCBuildConfiguration section */

/* Begin XCConfigurationList section */
		6A590CC92250967700971A00 /* Build configuration list for PBXProject "SourcerySample" */ = {
			isa = XCConfigurationList;
			buildConfigurations = (
				6A590CE92250967A00971A00 /* Debug */,
				6A590CEA2250967A00971A00 /* Release */,
			);
			defaultConfigurationIsVisible = 0;
			defaultConfigurationName = Release;
		};
		6A590CEB2250967A00971A00 /* Build configuration list for PBXNativeTarget "SourcerySample" */ = {
			isa = XCConfigurationList;
			buildConfigurations = (
				6A590CEC2250967A00971A00 /* Debug */,
				6A590CED2250967A00971A00 /* Release */,
			);
			defaultConfigurationIsVisible = 0;
			defaultConfigurationName = Release;
		};
		6A590CEE2250967A00971A00 /* Build configuration list for PBXNativeTarget "SourcerySampleUITests" */ = {
			isa = XCConfigurationList;
			buildConfigurations = (
				6A590CEF2250967A00971A00 /* Debug */,
				6A590CF02250967A00971A00 /* Release */,
			);
			defaultConfigurationIsVisible = 0;
			defaultConfigurationName = Release;
		};
/* End XCConfigurationList section */
	};
	rootObject = 6A590CC62250967700971A00 /* Project object */;
}
